{
  "nodes": {
    "flakeNimbleLib": {
      "inputs": {
        "nixpkgs": [
          "nixpkgs"
        ]
      },
      "locked": {
        "lastModified": 1662018438,
        "narHash": "sha256-QtNtU6+LX3Wokxf0zlFwKTFOcn6TeDjKQZ+DA9OYtvM=",
        "owner": "riinr",
        "repo": "nim-flakes-lib",
        "rev": "b1fe8340736e3a85d25c709ac3dfd82a55c03cbf",
        "type": "github"
      },
      "original": {
        "owner": "riinr",
        "ref": "master",
        "repo": "nim-flakes-lib",
        "type": "github"
      }
    },
    "nixpkgs": {
      "locked": {
        "lastModified": 1667199707,
        "narHash": "sha256-I2Js3Y7gUyVSEXPULHlBoRek4Lh85vnevdS6mdvDNLI=",
        "owner": "NixOS",
        "repo": "nixpkgs",
        "rev": "ced197be72099edcfa68ebed8b87af7b04851f45",
        "type": "github"
      },
      "original": {
        "id": "nixpkgs",
        "type": "indirect"
      }
    },
    "notetxt-master": {
      "inputs": {
        "flakeNimbleLib": [
          "flakeNimbleLib"
        ],
        "nixpkgs": [
          "nixpkgs"
        ],
        "src-notetxt-master": "src-notetxt-master"
      },
      "locked": {
        "dir": "master",
        "lastModified": 1667322532,
        "narHash": "sha256-oC98aAJTvc3aAu7ERnYK6hPIPbx/yMoE9kDxnzqGbms=",
        "owner": "nim-nix-pkgs",
        "repo": "notetxt",
        "rev": "1196306f4a2c9e14ee36cdb66aa9f21faa924d46",
        "type": "github"
      },
      "original": {
        "dir": "master",
        "owner": "nim-nix-pkgs",
        "ref": "master",
        "repo": "notetxt",
        "type": "github"
      }
    },
    "root": {
      "inputs": {
        "flakeNimbleLib": "flakeNimbleLib",
        "nixpkgs": "nixpkgs",
        "notetxt-master": "notetxt-master"
      }
    },
    "src-notetxt-master": {
      "flake": false,
      "locked": {
        "lastModified": 1518636736,
        "narHash": "sha256-/c96QC0EIh8tY3OZgiATe8+PKJxV7IshVGfE+wGssbc=",
        "owner": "mrshu",
        "repo": "nim-notetxt",
        "rev": "fa5ac89b1b0733cbcf9a59941c1e567f72b944e9",
        "type": "github"
      },
      "original": {
        "owner": "mrshu",
        "ref": "refs/heads/master",
        "repo": "nim-notetxt",
        "type": "github"
      }
    }
  },
  "root": "root",
  "version": 7
}
